
Microsoft Visual Studio Solution File, Format Version 12.00
# Visual Studio Version 17
VisualStudioVersion = 17.9.34728.123
MinimumVisualStudioVersion = 10.0.40219.1
Project("{9A19103F-16F7-4668-BE54-9A1E7A4F7556}") = "Lab1PartA", "Lab1PartA\Lab1PartA.csproj", "{D8FB91D8-BC91-4FB4-A85C-D3C630B61EF4}"
EndProject
Global
	GlobalSection(SolutionConfigurationPlatforms) = preSolution
		Debug|Any CPU = Debug|Any CPU
		Release|Any CPU = Release|Any CPU
	EndGlobalSection
	GlobalSection(ProjectConfigurationPlatforms) = postSolution
		{D8FB91D8-BC91-4FB4-A85C-D3C630B61EF4}.Debug|Any CPU.ActiveCfg = Debug|Any CPU
		{D8FB91D8-BC91-4FB4-A85C-D3C630B61EF4}.Debug|Any CPU.Build.0 = Debug|Any CPU
		{D8FB91D8-BC91-4FB4-A85C-D3C630B61EF4}.Release|Any CPU.ActiveCfg = Release|Any CPU
		{D8FB91D8-BC91-4FB4-A85C-D3C630B61EF4}.Release|Any CPU.Build.0 = Release|Any CPU
	EndGlobalSection
	GlobalSection(SolutionProperties) = preSolution
		HideSolutionNode = FALSE
	EndGlobalSection
	GlobalSection(ExtensibilityGlobals) = postSolution
		SolutionGuid = {086DD40A-227D-4D74-9EE5-AE382E3095B2}
	EndGlobalSection
EndGlobal
