
Microsoft Visual Studio Solution File, Format Version 12.00
# Visual Studio Version 17
VisualStudioVersion = 17.9.34728.123
MinimumVisualStudioVersion = 10.0.40219.1
Project("{FAE04EC0-301F-11D3-BF4B-00C04F79EFBC}") = "Lab02A", "Lab02A\Lab02A.csproj", "{D52B190C-F4E8-4292-BD81-34C2A51EC2FB}"
EndProject
Project("{FAE04EC0-301F-11D3-BF4B-00C04F79EFBC}") = "ASPCMVC01", "ASPCMVC01\ASPCMVC01.csproj", "{68E19F42-A2C7-4E70-8548-F641D270A99A}"
EndProject
Project("{FAE04EC0-301F-11D3-BF4B-00C04F79EFBC}") = "ASPCMVC02", "ASPCMVC02\ASPCMVC02.csproj", "{41B72BDF-60D8-4748-AF57-F77AAF158A39}"
EndProject
Project("{FAE04EC0-301F-11D3-BF4B-00C04F79EFBC}") = "ASPCMVC03", "ASPCMVC03\ASPCMVC03.csproj", "{5C7CF445-6357-4610-857B-A03082DD2D00}"
EndProject
Project("{FAE04EC0-301F-11D3-BF4B-00C04F79EFBC}") = "ASPCMVC04", "ASPCMVC04\ASPCMVC04.csproj", "{46403A9C-A61A-4BBE-BC50-6ECC85B61B6E}"
EndProject
Project("{FAE04EC0-301F-11D3-BF4B-00C04F79EFBC}") = "ASPCMVC05", "ASPCMVC05\ASPCMVC05.csproj", "{CD8D0D7E-7B0C-484D-BCF9-E062EDDA86FB}"
EndProject
Project("{FAE04EC0-301F-11D3-BF4B-00C04F79EFBC}") = "ASPCMVC06", "ASPCMVC06\ASPCMVC06.csproj", "{20986F28-5251-4990-9C39-D1E4503C274E}"
EndProject
Project("{FAE04EC0-301F-11D3-BF4B-00C04F79EFBC}") = "ASPCMVC07", "ASPCMVC07\ASPCMVC07.csproj", "{29738EAD-BD4B-413F-B915-7EDE5E5FF87A}"
EndProject
Global
	GlobalSection(SolutionConfigurationPlatforms) = preSolution
		Debug|Any CPU = Debug|Any CPU
		Release|Any CPU = Release|Any CPU
	EndGlobalSection
	GlobalSection(ProjectConfigurationPlatforms) = postSolution
		{D52B190C-F4E8-4292-BD81-34C2A51EC2FB}.Debug|Any CPU.ActiveCfg = Debug|Any CPU
		{D52B190C-F4E8-4292-BD81-34C2A51EC2FB}.Debug|Any CPU.Build.0 = Debug|Any CPU
		{D52B190C-F4E8-4292-BD81-34C2A51EC2FB}.Release|Any CPU.ActiveCfg = Release|Any CPU
		{D52B190C-F4E8-4292-BD81-34C2A51EC2FB}.Release|Any CPU.Build.0 = Release|Any CPU
		{68E19F42-A2C7-4E70-8548-F641D270A99A}.Debug|Any CPU.ActiveCfg = Debug|Any CPU
		{68E19F42-A2C7-4E70-8548-F641D270A99A}.Debug|Any CPU.Build.0 = Debug|Any CPU
		{68E19F42-A2C7-4E70-8548-F641D270A99A}.Release|Any CPU.ActiveCfg = Release|Any CPU
		{68E19F42-A2C7-4E70-8548-F641D270A99A}.Release|Any CPU.Build.0 = Release|Any CPU
		{41B72BDF-60D8-4748-AF57-F77AAF158A39}.Debug|Any CPU.ActiveCfg = Debug|Any CPU
		{41B72BDF-60D8-4748-AF57-F77AAF158A39}.Debug|Any CPU.Build.0 = Debug|Any CPU
		{41B72BDF-60D8-4748-AF57-F77AAF158A39}.Release|Any CPU.ActiveCfg = Release|Any CPU
		{41B72BDF-60D8-4748-AF57-F77AAF158A39}.Release|Any CPU.Build.0 = Release|Any CPU
		{5C7CF445-6357-4610-857B-A03082DD2D00}.Debug|Any CPU.ActiveCfg = Debug|Any CPU
		{5C7CF445-6357-4610-857B-A03082DD2D00}.Debug|Any CPU.Build.0 = Debug|Any CPU
		{5C7CF445-6357-4610-857B-A03082DD2D00}.Release|Any CPU.ActiveCfg = Release|Any CPU
		{5C7CF445-6357-4610-857B-A03082DD2D00}.Release|Any CPU.Build.0 = Release|Any CPU
		{46403A9C-A61A-4BBE-BC50-6ECC85B61B6E}.Debug|Any CPU.ActiveCfg = Debug|Any CPU
		{46403A9C-A61A-4BBE-BC50-6ECC85B61B6E}.Debug|Any CPU.Build.0 = Debug|Any CPU
		{46403A9C-A61A-4BBE-BC50-6ECC85B61B6E}.Release|Any CPU.ActiveCfg = Release|Any CPU
		{46403A9C-A61A-4BBE-BC50-6ECC85B61B6E}.Release|Any CPU.Build.0 = Release|Any CPU
		{CD8D0D7E-7B0C-484D-BCF9-E062EDDA86FB}.Debug|Any CPU.ActiveCfg = Debug|Any CPU
		{CD8D0D7E-7B0C-484D-BCF9-E062EDDA86FB}.Debug|Any CPU.Build.0 = Debug|Any CPU
		{CD8D0D7E-7B0C-484D-BCF9-E062EDDA86FB}.Release|Any CPU.ActiveCfg = Release|Any CPU
		{CD8D0D7E-7B0C-484D-BCF9-E062EDDA86FB}.Release|Any CPU.Build.0 = Release|Any CPU
		{20986F28-5251-4990-9C39-D1E4503C274E}.Debug|Any CPU.ActiveCfg = Debug|Any CPU
		{20986F28-5251-4990-9C39-D1E4503C274E}.Debug|Any CPU.Build.0 = Debug|Any CPU
		{20986F28-5251-4990-9C39-D1E4503C274E}.Release|Any CPU.ActiveCfg = Release|Any CPU
		{20986F28-5251-4990-9C39-D1E4503C274E}.Release|Any CPU.Build.0 = Release|Any CPU
		{29738EAD-BD4B-413F-B915-7EDE5E5FF87A}.Debug|Any CPU.ActiveCfg = Debug|Any CPU
		{29738EAD-BD4B-413F-B915-7EDE5E5FF87A}.Debug|Any CPU.Build.0 = Debug|Any CPU
		{29738EAD-BD4B-413F-B915-7EDE5E5FF87A}.Release|Any CPU.ActiveCfg = Release|Any CPU
		{29738EAD-BD4B-413F-B915-7EDE5E5FF87A}.Release|Any CPU.Build.0 = Release|Any CPU
	EndGlobalSection
	GlobalSection(SolutionProperties) = preSolution
		HideSolutionNode = FALSE
	EndGlobalSection
	GlobalSection(ExtensibilityGlobals) = postSolution
		SolutionGuid = {68378A1F-F549-490E-B2D8-403E0B8251B8}
	EndGlobalSection
EndGlobal
